#MicroXplorer Configuration settings - do not modify
Mcu.Family=STM32F1
ProjectManager.MainLocation=Core/Src
RCC.MCOFreq_Value=36000000
PB13.GPIOParameters=PinState,GPIO_Label,GPIO_ModeDefaultOutputPP
Dma.ADC1.1.MemDataAlignment=DMA_MDATAALIGN_HALFWORD
ProjectManager.KeepUserCode=true
Mcu.UserName=STM32F101RBTx
ADC1.ContinuousConvMode=ENABLE
SH.ADCx_IN2.0=ADC1_IN2,IN2
VP_TIM4_VS_OPM.Mode=OPM_bit
RCC.PLLCLKFreq_Value=36000000
VP_IWDG_VS_IWDG.Mode=IWDG_Activate
ProjectManager.functionlistsort=1-MX_GPIO_Init-GPIO-false-HAL-true,2-MX_DMA_Init-DMA-false-HAL-true,3-SystemClock_Config-RCC-false-HAL-false,4-MX_ADC1_Init-ADC1-false-HAL-true,5-MX_IWDG_Init-IWDG-false-HAL-true,6-MX_TIM3_Init-TIM3-false-HAL-true,7-MX_CRC_Init-CRC-false-HAL-true,8-MX_TIM4_Init-TIM4-false-HAL-true
PA3.GPIOParameters=PinState,GPIO_Label,GPIO_ModeDefaultOutputPP
RCC.ADCFreqValue=9000000
PA6.GPIO_Label=WAKE
PB0.GPIO_Label=PWM
PB13.GPIO_Label=OLED SCL
PB13.Signal=GPIO_Output
PA5.PinState=GPIO_PIN_SET
PA2.GPIOParameters=GPIO_Label
PinOutPanel.RotationAngle=0
TIM4.TIM_MasterOutputTrigger=TIM_TRGO_UPDATE
RCC.SYSCLKSource=RCC_SYSCLKSOURCE_PLLCLK
ProjectManager.StackSize=0x10
Mcu.IP4=NVIC
Mcu.IP5=RCC
RCC.FCLKCortexFreq_Value=36000000
Mcu.IP2=DMA
NVIC.SVCall_IRQn=true\:0\:0\:false\:false\:true\:false\:false
Mcu.IP3=IWDG
PA15.GPIO_Label=ROT ENC BUTTON
PB4.GPIOParameters=GPIO_Label
Mcu.IP0=ADC1
Mcu.IP1=CRC
Mcu.UserConstants=
Dma.ADC1.1.Instance=DMA1_Channel1
Mcu.ThirdPartyNb=0
RCC.HCLKFreq_Value=36000000
Mcu.IPNb=9
ProjectManager.PreviousToolchain=
RCC.APB2TimFreq_Value=64000000
ADC1.Channel-2\#ChannelRegularConversion=ADC_CHANNEL_9
PB13.GPIO_ModeDefaultOutputPP=GPIO_MODE_OUTPUT_OD
Dma.ADC1.1.PeriphDataAlignment=DMA_PDATAALIGN_HALFWORD
PB12.PinState=GPIO_PIN_SET
SH.ADCx_IN7.ConfNb=1
Mcu.Pin6=PA6
Mcu.Pin7=PA7
Mcu.Pin8=PB0
Mcu.Pin9=PB1
RCC.AHBFreq_Value=36000000
PB13.Locked=true
Mcu.Pin0=PA0-WKUP
Mcu.Pin1=PA1
GPIO.groupedBy=Group By Peripherals
Mcu.Pin2=PA2
Mcu.Pin3=PA3
Mcu.Pin4=PA4
PA0-WKUP.GPIOParameters=PinState,GPIO_Label,GPIO_ModeDefaultOutputPP
Mcu.Pin5=PA5
ADC1.Channel-0\#ChannelRegularConversion=ADC_CHANNEL_2
ProjectManager.ProjectBuild=false
NVIC.UsageFault_IRQn=true\:0\:0\:false\:false\:true\:false\:false
NVIC.DebugMonitor_IRQn=true\:0\:0\:false\:false\:true\:false\:false
PB12.GPIO_ModeDefaultOutputPP=GPIO_MODE_OUTPUT_OD
PA4.Locked=true
NVIC.SysTick_IRQn=true\:0\:0\:false\:false\:true\:false\:true
RCC.PLLMUL=RCC_PLL_MUL9
PB12.GPIO_Label=OLED SDA
ProjectManager.FirmwarePackage=STM32Cube FW_F1 V1.8.3
MxDb.Version=DB.6.0.21
PB0.GPIOParameters=GPIO_Label
ADC1.Rank-2\#ChannelRegularConversion=3
PA1.GPIOParameters=PinState,GPIO_Label,GPIO_ModeDefaultOutputPP
ProjectManager.BackupPrevious=false
Dma.ADC1.1.RequestParameters=Instance,Direction,PeriphInc,MemInc,PeriphDataAlignment,MemDataAlignment,Mode,Priority
PA14.Mode=Serial_Wire
Dma.MEMTOMEM.0.Instance=DMA1_Channel2
TIM3.Prescaler=359
PB1.GPIO_Label=V INPUT
File.Version=6
Dma.ADC1.1.Priority=DMA_PRIORITY_LOW
PB3.GPIOParameters=GPIO_Label
Dma.ADC1.1.Mode=DMA_NORMAL
NVIC.PendSV_IRQn=true\:0\:0\:false\:false\:true\:false\:false
Dma.RequestsNb=2
ProjectManager.HalAssertFull=false
PB0.Locked=true
ADC1.SamplingTime-0\#ChannelRegularConversion=ADC_SAMPLETIME_13CYCLES_5
ProjectManager.ProjectName=STM32SolderingStation
RCC.PLLMCOFreq_Value=18000000
Mcu.Package=LQFP64
PA6.Signal=GPIO_Input
PB1.Signal=ADCx_IN9
PA7.Locked=true
PA5.Locked=true
Dma.ADC1.1.Direction=DMA_PERIPH_TO_MEMORY
Dma.MEMTOMEM.0.PeriphInc=DMA_PINC_DISABLE
ProjectManager.ToolChainLocation=
PA2.GPIO_Label=TIP TEMP
VP_SYS_VS_Systick.Signal=SYS_VS_Systick
Dma.ADC1.1.MemInc=DMA_MINC_ENABLE
IWDG.Reload=1249
PA15.Signal=GPIO_Input
PA5.GPIOParameters=PinState,GPIO_Label,GPIO_ModeDefaultOutputPP
PA1.PinState=GPIO_PIN_SET
SH.ADCx_IN9.0=ADC1_IN9,IN9
PA4.GPIO_ModeDefaultOutputPP=GPIO_MODE_OUTPUT_OD
Dma.Request1=ADC1
RCC.APB1TimFreq_Value=36000000
NVIC.BusFault_IRQn=true\:0\:0\:false\:false\:true\:false\:false
SH.ADCx_IN9.ConfNb=1
Dma.Request0=MEMTOMEM
PA4.GPIO_Label=BUZ1
ProjectManager.CustomerFirmwarePackage=
VP_TIM3_VS_ClockSourceINT.Mode=Internal
VP_TIM4_VS_OPM.Signal=TIM4_VS_OPM
PB3.Locked=true
PB4.Signal=GPIO_Input
PA3.Signal=GPIO_Output
PA2.Locked=true
PB3.GPIO_Label=ROT ENC L
PA6.GPIOParameters=GPIO_Label
PA0-WKUP.GPIO_ModeDefaultOutputPP=GPIO_MODE_OUTPUT_OD
Dma.MEMTOMEM.0.MemDataAlignment=DMA_MDATAALIGN_WORD
ProjectManager.ProjectFileName=STM32SolderingStation.ioc
PA3.GPIO_ModeDefaultOutputPP=GPIO_MODE_OUTPUT_OD
ADC1.Rank-0\#ChannelRegularConversion=1
PA15.GPIOParameters=GPIO_Label
Mcu.PinsNb=23
Dma.MEMTOMEM.0.Priority=DMA_PRIORITY_LOW
ProjectManager.NoMain=false
ADC1.IPParameters=Rank-0\#ChannelRegularConversion,Channel-0\#ChannelRegularConversion,SamplingTime-0\#ChannelRegularConversion,NbrOfConversionFlag,ExternalTrigConv,Rank-1\#ChannelRegularConversion,Channel-1\#ChannelRegularConversion,SamplingTime-1\#ChannelRegularConversion,Rank-2\#ChannelRegularConversion,Channel-2\#ChannelRegularConversion,SamplingTime-2\#ChannelRegularConversion,NbrOfConversion,ContinuousConvMode,master
ProjectManager.DefaultFWLocation=true
PB12.Locked=true
ProjectManager.DeletePrevious=true
RCC.APB1CLKDivider=RCC_HCLK_DIV2
SH.S_TIM3_CH3.0=TIM3_CH3,PWM Generation3 CH3
ADC1.SamplingTime-2\#ChannelRegularConversion=ADC_SAMPLETIME_13CYCLES_5
RCC.FamilyName=M
PA0-WKUP.GPIO_Label=EE_SCL
PA0-WKUP.Signal=GPIO_Output
PA0-WKUP.Locked=true
RCC.ADCPresc=RCC_ADCPCLK2_DIV4
PA13.Signal=SYS_JTMS-SWDIO
TIM3.Channel-PWM\ Generation3\ CH3=TIM_CHANNEL_3
PA15.Locked=true
PA4.PinState=GPIO_PIN_SET
VP_TIM4_VS_ClockSourceINT.Signal=TIM4_VS_ClockSourceINT
ProjectManager.TargetToolchain=STM32CubeIDE
TIM4.IPParameters=Prescaler,TIM_MasterOutputTrigger
SH.S_TIM3_CH3.ConfNb=1
SH.ADCx_IN7.0=ADC1_IN7,IN7
VP_CRC_VS_CRC.Signal=CRC_VS_CRC
ADC1.Channel-1\#ChannelRegularConversion=ADC_CHANNEL_7
ProjectManager.RegisterCallBack=
RCC.USBFreq_Value=64000000
VP_TIM3_VS_ClockSourceINT.Signal=TIM3_VS_ClockSourceINT
TIM4.Prescaler=359
PA1.Signal=GPIO_Output
PB1.Locked=true
PA5.Signal=GPIO_Output
board=custom
ProjectManager.LastFirmware=true
PA0-WKUP.PinState=GPIO_PIN_SET
NVIC.TIM3_IRQn=true\:2\:0\:true\:false\:true\:true\:true
RCC.APB2Freq_Value=36000000
PB13.PinState=GPIO_PIN_SET
MxCube.Version=6.2.1
PB4.GPIO_Label=ROT ENC R
PA5.GPIO_ModeDefaultOutputPP=GPIO_MODE_OUTPUT_OD
SH.ADCx_IN2.ConfNb=1
VP_SYS_VS_Systick.Mode=SysTick
PA1.GPIO_Label=EE_SDA
TIM3.IPParameters=Prescaler,TIM_MasterOutputTrigger,Channel-PWM Generation3 CH3
NVIC.NonMaskableInt_IRQn=true\:0\:0\:false\:false\:true\:false\:false
PA4.GPIOParameters=PinState,GPIO_Label,GPIO_ModeDefaultOutputPP
Dma.ADC1.1.PeriphInc=DMA_PINC_DISABLE
ADC1.NbrOfConversion=3
PA13.Mode=Serial_Wire
ProjectManager.FreePins=false
RCC.IPParameters=ADCFreqValue,ADCPresc,AHBFreq_Value,APB1CLKDivider,APB1Freq_Value,APB1TimFreq_Value,APB2Freq_Value,APB2TimFreq_Value,FCLKCortexFreq_Value,FamilyName,HCLKFreq_Value,MCOFreq_Value,PLLCLKFreq_Value,PLLMCOFreq_Value,PLLMUL,SYSCLKFreq_VALUE,SYSCLKSource,TimSysFreq_Value,USBFreq_Value
IWDG.IPParameters=Prescaler,Reload
ProjectManager.AskForMigrate=true
Mcu.Name=STM32F101R(8-B)Tx
PA2.Signal=ADCx_IN2
ProjectManager.UnderRoot=true
Mcu.IP8=TIM4
ADC1.ExternalTrigConv=ADC_SOFTWARE_START
Dma.MEMTOMEM.0.PeriphDataAlignment=DMA_PDATAALIGN_WORD
Mcu.IP6=SYS
Mcu.IP7=TIM3
ProjectManager.CoupleFile=false
PB4.Locked=true
PB3.Signal=GPIO_Input
PA4.Signal=GPIO_Output
ADC1.SamplingTime-1\#ChannelRegularConversion=ADC_SAMPLETIME_13CYCLES_5
RCC.SYSCLKFreq_VALUE=36000000
Mcu.Pin22=VP_TIM4_VS_OPM
RCC.TimSysFreq_Value=36000000
PA1.Locked=true
PA7.GPIO_Label=NTC
Mcu.Pin20=VP_TIM3_VS_ClockSourceINT
ADC1.master=1
PA3.Locked=true
Mcu.Pin21=VP_TIM4_VS_ClockSourceINT
PA5.GPIO_Label=BUZ2
Dma.MEMTOMEM.0.Mode=DMA_NORMAL
NVIC.ForceEnableDMAVector=true
KeepUserPlacement=false
Dma.MEMTOMEM.0.MemInc=DMA_MINC_ENABLE
NVIC.MemoryManagement_IRQn=true\:0\:0\:false\:false\:true\:false\:false
ProjectManager.CompilerOptimize=6
ADC1.Rank-1\#ChannelRegularConversion=2
VP_IWDG_VS_IWDG.Signal=IWDG_VS_IWDG
PA14.Signal=SYS_JTCK-SWCLK
ProjectManager.HeapSize=0x10
Mcu.Pin15=PB3
NVIC.HardFault_IRQn=true\:0\:0\:false\:false\:true\:false\:false
Mcu.Pin16=PB4
Mcu.Pin13=PA14
Mcu.Pin14=PA15
Mcu.Pin19=VP_SYS_VS_Systick
ProjectManager.ComputerToolchain=false
Mcu.Pin17=VP_CRC_VS_CRC
Mcu.Pin18=VP_IWDG_VS_IWDG
VP_TIM4_VS_ClockSourceINT.Mode=Internal
NVIC.PriorityGroup=NVIC_PRIORITYGROUP_4
ADC1.NbrOfConversionFlag=1
Mcu.Pin11=PB13
Mcu.Pin12=PA13
Mcu.Pin10=PB12
IWDG.Prescaler=IWDG_PRESCALER_32
Dma.MEMTOMEM.0.Direction=DMA_MEMORY_TO_MEMORY
PA3.PinState=GPIO_PIN_SET
Dma.MEMTOMEM.0.RequestParameters=Instance,Direction,PeriphInc,MemInc,PeriphDataAlignment,MemDataAlignment,Mode,Priority
NVIC.DMA1_Channel1_IRQn=true\:1\:0\:true\:false\:true\:false\:true
TIM3.TIM_MasterOutputTrigger=TIM_TRGO_UPDATE
NVIC.TIM4_IRQn=true\:2\:0\:true\:false\:true\:true\:true
RCC.APB1Freq_Value=18000000
VP_CRC_VS_CRC.Mode=CRC_Activate
PB0.Signal=S_TIM3_CH3
PA7.GPIOParameters=GPIO_Label
ProjectManager.DeviceId=STM32F101RBTx
PB12.GPIOParameters=PinState,GPIO_Label,GPIO_ModeDefaultOutputPP
PB12.Signal=GPIO_Output
ProjectManager.LibraryCopy=1
PA3.GPIO_Label=BUZ0
PB1.GPIOParameters=GPIO_Label
PA7.Signal=ADCx_IN7
PA1.GPIO_ModeDefaultOutputPP=GPIO_MODE_OUTPUT_OD
PA6.Locked=true
isbadioc=false
