#MicroXplorer Configuration settings - do not modify
Mcu.Family=STM32F1
Dma.SPI2_TX.2.PeriphInc=DMA_PINC_DISABLE
ProjectManager.MainLocation=Core/Src
Dma.SPI2_TX.2.MemInc=DMA_MINC_ENABLE
RCC.MCOFreq_Value=36000000
PB13.GPIOParameters=GPIO_Label
Dma.ADC1.1.MemDataAlignment=DMA_MDATAALIGN_HALFWORD
NVIC.DMA1_Channel5_IRQn=true\:1\:0\:true\:false\:true\:false\:true
ProjectManager.KeepUserCode=true
Mcu.UserName=STM32F101RBTx
SPI2.VirtualType=VM_MASTER
ADC1.ContinuousConvMode=ENABLE
VP_TIM4_VS_OPM.Mode=OPM_bit
RCC.PLLCLKFreq_Value=36000000
VP_IWDG_VS_IWDG.Mode=IWDG_Activate
ProjectManager.functionlistsort=1-MX_GPIO_Init-GPIO-false-HAL-true,2-MX_DMA_Init-DMA-false-HAL-true,3-SystemClock_Config-RCC-false-HAL-false,4-MX_ADC1_Init-ADC1-false-HAL-true,5-MX_IWDG_Init-IWDG-false-HAL-true,6-MX_TIM3_Init-TIM3-false-HAL-true,7-MX_CRC_Init-CRC-false-HAL-true,8-MX_SPI2_Init-SPI2-false-HAL-true,9-MX_TIM4_Init-TIM4-false-HAL-true
PA9.GPIOParameters=GPIO_Label
PA3.GPIOParameters=GPIO_Label,GPIO_ModeDefaultOutputPP
RCC.ADCFreqValue=9000000
PA6.GPIO_Label=PWM OUTPUT
PB0.GPIO_Label=V INPUT
PB13.GPIO_Label=OLED SCL
PB13.Signal=SPI2_SCK
PB15.Signal=SPI2_MOSI
PA2.GPIOParameters=PinState,GPIO_Label
PinOutPanel.RotationAngle=0
TIM4.TIM_MasterOutputTrigger=TIM_TRGO_UPDATE
RCC.SYSCLKSource=RCC_SYSCLKSOURCE_PLLCLK
ProjectManager.StackSize=0x10
Mcu.IP4=NVIC
Mcu.IP5=RCC
RCC.FCLKCortexFreq_Value=36000000
Mcu.IP2=DMA
NVIC.SVCall_IRQn=true\:0\:0\:false\:false\:true\:false\:false
Mcu.IP3=IWDG
PA15.GPIO_Label=ROT ENC BUTTON
PB4.GPIOParameters=GPIO_Label
Mcu.IP0=ADC1
Mcu.IP1=CRC
Mcu.UserConstants=
Dma.ADC1.1.Instance=DMA1_Channel1
Mcu.ThirdPartyNb=0
RCC.HCLKFreq_Value=36000000
Mcu.IPNb=10
ProjectManager.PreviousToolchain=
RCC.APB2TimFreq_Value=64000000
ADC1.Channel-2\#ChannelRegularConversion=ADC_CHANNEL_9
Dma.ADC1.1.PeriphDataAlignment=DMA_PDATAALIGN_HALFWORD
Dma.SPI2_TX.2.PeriphDataAlignment=DMA_PDATAALIGN_BYTE
PA8.GPIOParameters=GPIO_Label
Mcu.Pin6=PA6
Mcu.Pin7=PB0
Mcu.Pin8=PB1
Mcu.Pin9=PB13
Dma.SPI2_TX.2.Instance=DMA1_Channel5
RCC.AHBFreq_Value=36000000
PB13.Locked=true
Mcu.Pin0=PA0-WKUP
Mcu.Pin1=PA1
TIM3.Channel-PWM\ Generation1\ CH1=TIM_CHANNEL_1
GPIO.groupedBy=Group By Peripherals
Mcu.Pin2=PA2
Mcu.Pin3=PA3
PA0-WKUP.GPIOParameters=GPIO_Label
Mcu.Pin4=PA4
Mcu.Pin5=PA5
ADC1.Channel-0\#ChannelRegularConversion=ADC_CHANNEL_5
ProjectManager.ProjectBuild=false
NVIC.UsageFault_IRQn=true\:0\:0\:false\:false\:true\:false\:false
NVIC.DebugMonitor_IRQn=true\:0\:0\:false\:false\:true\:false\:false
PA8.Locked=true
PA4.Locked=true
NVIC.SysTick_IRQn=true\:0\:0\:false\:false\:true\:false\:true
RCC.PLLMUL=RCC_PLL_MUL9
ProjectManager.FirmwarePackage=STM32Cube FW_F1 V1.8.3
MxDb.Version=DB.6.0.21
PA2.PinState=GPIO_PIN_SET
PB0.GPIOParameters=GPIO_Label
ADC1.Rank-2\#ChannelRegularConversion=3
PA1.GPIOParameters=PinState,GPIO_Label
ProjectManager.BackupPrevious=false
Dma.ADC1.1.RequestParameters=Instance,Direction,PeriphInc,MemInc,PeriphDataAlignment,MemDataAlignment,Mode,Priority
PA14.Mode=Serial_Wire
Dma.MEMTOMEM.0.Instance=DMA1_Channel2
TIM3.Prescaler=359
PB1.GPIO_Label=TIP TEMP
File.Version=6
Dma.ADC1.1.Priority=DMA_PRIORITY_LOW
SH.ADCx_IN8.0=ADC1_IN8,IN8
SPI2.CalculateBaudRate=9.0 MBits/s
PB3.GPIOParameters=GPIO_Label
Dma.ADC1.1.Mode=DMA_NORMAL
PA8.Signal=GPIO_Output
NVIC.PendSV_IRQn=true\:0\:0\:false\:false\:true\:false\:false
SH.S_TIM3_CH1.0=TIM3_CH1,PWM Generation1 CH1
Dma.SPI2_TX.2.MemDataAlignment=DMA_MDATAALIGN_BYTE
Dma.RequestsNb=3
ProjectManager.HalAssertFull=false
PB0.Locked=true
ADC1.SamplingTime-0\#ChannelRegularConversion=ADC_SAMPLETIME_13CYCLES_5
ProjectManager.ProjectName=STM32SolderingStation
RCC.PLLMCOFreq_Value=18000000
Mcu.Package=LQFP64
PB1.Signal=ADCx_IN9
PA6.Signal=S_TIM3_CH1
PA5.Locked=true
SPI2.Mode=SPI_MODE_MASTER
Dma.SPI2_TX.2.Priority=DMA_PRIORITY_LOW
Dma.ADC1.1.Direction=DMA_PERIPH_TO_MEMORY
Dma.MEMTOMEM.0.PeriphInc=DMA_PINC_DISABLE
ProjectManager.ToolChainLocation=
PA2.GPIO_Label=BUZ1
Dma.SPI2_TX.2.Mode=DMA_NORMAL
VP_SYS_VS_Systick.Signal=SYS_VS_Systick
Dma.ADC1.1.MemInc=DMA_MINC_ENABLE
IWDG.Reload=1249
PA15.Signal=GPIO_Input
PA5.GPIOParameters=GPIO_Label
PA1.PinState=GPIO_PIN_SET
SH.ADCx_IN9.0=ADC1_IN9,IN9
PA4.GPIO_ModeDefaultOutputPP=GPIO_MODE_OUTPUT_OD
Dma.Request2=SPI2_TX
Dma.Request1=ADC1
RCC.APB1TimFreq_Value=36000000
NVIC.BusFault_IRQn=true\:0\:0\:false\:false\:true\:false\:false
SPI2.Direction=SPI_DIRECTION_2LINES
SH.ADCx_IN9.ConfNb=1
PB13.Mode=TX_Only_Simplex_Unidirect_Master
Dma.SPI2_TX.2.RequestParameters=Instance,Direction,PeriphInc,MemInc,PeriphDataAlignment,MemDataAlignment,Mode,Priority
Dma.Request0=MEMTOMEM
PA4.GPIO_Label=EE_SDA
ProjectManager.CustomerFirmwarePackage=
VP_TIM3_VS_ClockSourceINT.Mode=Internal
VP_TIM4_VS_OPM.Signal=TIM4_VS_OPM
PB15.Locked=true
PB3.Locked=true
PB4.Signal=GPIO_Input
PA3.Signal=GPIO_Output
PA2.Locked=true
PB3.GPIO_Label=ROT ENC L
PA6.GPIOParameters=GPIO_Label
Dma.MEMTOMEM.0.MemDataAlignment=DMA_MDATAALIGN_WORD
ProjectManager.ProjectFileName=STM32SolderingStation.ioc
PA3.GPIO_ModeDefaultOutputPP=GPIO_MODE_OUTPUT_OD
ADC1.Rank-0\#ChannelRegularConversion=1
PA15.GPIOParameters=GPIO_Label
Mcu.PinsNb=24
Dma.MEMTOMEM.0.Priority=DMA_PRIORITY_LOW
ProjectManager.NoMain=false
ADC1.IPParameters=Rank-0\#ChannelRegularConversion,Channel-0\#ChannelRegularConversion,SamplingTime-0\#ChannelRegularConversion,NbrOfConversionFlag,ExternalTrigConv,Rank-1\#ChannelRegularConversion,Channel-1\#ChannelRegularConversion,SamplingTime-1\#ChannelRegularConversion,Rank-2\#ChannelRegularConversion,Channel-2\#ChannelRegularConversion,SamplingTime-2\#ChannelRegularConversion,NbrOfConversion,ContinuousConvMode,master
PA9.GPIO_Label=OLED DC
ProjectManager.DefaultFWLocation=true
ProjectManager.DeletePrevious=true
RCC.APB1CLKDivider=RCC_HCLK_DIV2
ADC1.SamplingTime-2\#ChannelRegularConversion=ADC_SAMPLETIME_13CYCLES_5
RCC.FamilyName=M
PA0-WKUP.GPIO_Label=WAKE
PA0-WKUP.Signal=GPIO_Input
PA0-WKUP.Locked=true
RCC.ADCPresc=RCC_ADCPCLK2_DIV4
PA13.Signal=SYS_JTMS-SWDIO
PA15.Locked=true
PA8.GPIO_Label=OLED RST
VP_TIM4_VS_ClockSourceINT.Signal=TIM4_VS_ClockSourceINT
ProjectManager.TargetToolchain=STM32CubeIDE
TIM4.IPParameters=Prescaler,TIM_MasterOutputTrigger
VP_CRC_VS_CRC.Signal=CRC_VS_CRC
Dma.SPI2_TX.2.Direction=DMA_MEMORY_TO_PERIPH
PA9.Signal=GPIO_Output
ADC1.Channel-1\#ChannelRegularConversion=ADC_CHANNEL_8
SPI2.IPParameters=VirtualType,Mode,Direction,CalculateBaudRate
ProjectManager.RegisterCallBack=
RCC.USBFreq_Value=64000000
VP_TIM3_VS_ClockSourceINT.Signal=TIM3_VS_ClockSourceINT
TIM4.Prescaler=359
PA1.Signal=GPIO_Output
PB1.Locked=true
PA5.Signal=ADCx_IN5
board=custom
ProjectManager.LastFirmware=true
PB15.Mode=TX_Only_Simplex_Unidirect_Master
NVIC.TIM3_IRQn=true\:2\:0\:true\:false\:true\:true\:true
RCC.APB2Freq_Value=36000000
MxCube.Version=6.2.1
PB4.GPIO_Label=ROT ENC R
PB15.GPIO_Label=OLED SDA
VP_SYS_VS_Systick.Mode=SysTick
PA1.GPIO_Label=BUZ0
TIM3.IPParameters=Prescaler,TIM_MasterOutputTrigger,Channel-PWM Generation1 CH1
PA9.Locked=true
NVIC.NonMaskableInt_IRQn=true\:0\:0\:false\:false\:true\:false\:false
PA4.GPIOParameters=GPIO_Label,GPIO_ModeDefaultOutputPP
Dma.ADC1.1.PeriphInc=DMA_PINC_DISABLE
SH.ADCx_IN8.ConfNb=1
PB15.GPIOParameters=GPIO_Label
ADC1.NbrOfConversion=3
PA13.Mode=Serial_Wire
ProjectManager.FreePins=false
RCC.IPParameters=ADCFreqValue,ADCPresc,AHBFreq_Value,APB1CLKDivider,APB1Freq_Value,APB1TimFreq_Value,APB2Freq_Value,APB2TimFreq_Value,FCLKCortexFreq_Value,FamilyName,HCLKFreq_Value,MCOFreq_Value,PLLCLKFreq_Value,PLLMCOFreq_Value,PLLMUL,SYSCLKFreq_VALUE,SYSCLKSource,TimSysFreq_Value,USBFreq_Value
IWDG.IPParameters=Prescaler,Reload
ProjectManager.AskForMigrate=true
Mcu.Name=STM32F101R(8-B)Tx
PA2.Signal=GPIO_Output
ProjectManager.UnderRoot=true
Mcu.IP8=TIM3
ADC1.ExternalTrigConv=ADC_SOFTWARE_START
Mcu.IP9=TIM4
Dma.MEMTOMEM.0.PeriphDataAlignment=DMA_PDATAALIGN_WORD
Mcu.IP6=SPI2
Mcu.IP7=SYS
ProjectManager.CoupleFile=false
PB4.Locked=true
PB3.Signal=GPIO_Input
PA4.Signal=GPIO_Output
ADC1.SamplingTime-1\#ChannelRegularConversion=ADC_SAMPLETIME_13CYCLES_5
RCC.SYSCLKFreq_VALUE=36000000
Mcu.Pin22=VP_TIM4_VS_ClockSourceINT
Mcu.Pin23=VP_TIM4_VS_OPM
RCC.TimSysFreq_Value=36000000
PA1.Locked=true
Mcu.Pin20=VP_SYS_VS_Systick
ADC1.master=1
PA3.Locked=true
Mcu.Pin21=VP_TIM3_VS_ClockSourceINT
PA5.GPIO_Label=NTC
Dma.MEMTOMEM.0.Mode=DMA_NORMAL
NVIC.ForceEnableDMAVector=true
KeepUserPlacement=false
Dma.MEMTOMEM.0.MemInc=DMA_MINC_ENABLE
NVIC.MemoryManagement_IRQn=true\:0\:0\:false\:false\:true\:false\:false
ProjectManager.CompilerOptimize=6
ADC1.Rank-1\#ChannelRegularConversion=2
VP_IWDG_VS_IWDG.Signal=IWDG_VS_IWDG
PA14.Signal=SYS_JTCK-SWCLK
ProjectManager.HeapSize=0x10
Mcu.Pin15=PA15
NVIC.HardFault_IRQn=true\:0\:0\:false\:false\:true\:false\:false
Mcu.Pin16=PB3
Mcu.Pin13=PA13
Mcu.Pin14=PA14
Mcu.Pin19=VP_IWDG_VS_IWDG
SH.S_TIM3_CH1.ConfNb=1
ProjectManager.ComputerToolchain=false
Mcu.Pin17=PB4
Mcu.Pin18=VP_CRC_VS_CRC
SH.ADCx_IN5.0=ADC1_IN5,IN5
VP_TIM4_VS_ClockSourceINT.Mode=Internal
NVIC.PriorityGroup=NVIC_PRIORITYGROUP_4
ADC1.NbrOfConversionFlag=1
Mcu.Pin11=PA8
Mcu.Pin12=PA9
Mcu.Pin10=PB15
IWDG.Prescaler=IWDG_PRESCALER_32
Dma.MEMTOMEM.0.Direction=DMA_MEMORY_TO_MEMORY
Dma.MEMTOMEM.0.RequestParameters=Instance,Direction,PeriphInc,MemInc,PeriphDataAlignment,MemDataAlignment,Mode,Priority
SH.ADCx_IN5.ConfNb=1
NVIC.DMA1_Channel1_IRQn=true\:1\:0\:true\:false\:true\:false\:true
TIM3.TIM_MasterOutputTrigger=TIM_TRGO_UPDATE
NVIC.TIM4_IRQn=true\:2\:0\:true\:false\:true\:true\:true
RCC.APB1Freq_Value=18000000
VP_CRC_VS_CRC.Mode=CRC_Activate
PB0.Signal=ADCx_IN8
ProjectManager.DeviceId=STM32F101RBTx
ProjectManager.LibraryCopy=1
PA3.GPIO_Label=EE_SCL
PB1.GPIOParameters=GPIO_Label
PA6.Locked=true
isbadioc=false
