#MicroXplorer Configuration settings - do not modify
Mcu.Family=STM32F1
Dma.MEMTOMEM.2.PeriphInc=DMA_PINC_DISABLE
ProjectManager.MainLocation=Core/Src
RCC.MCOFreq_Value=64000000
PB13.GPIOParameters=GPIO_Label
SH.S_TIM4_CH2.ConfNb=1
Dma.SPI2_TX.0.MemInc=DMA_MINC_ENABLE
Dma.ADC1.1.MemDataAlignment=DMA_MDATAALIGN_HALFWORD
Dma.MEMTOMEM.2.MemDataAlignment=DMA_MDATAALIGN_WORD
NVIC.DMA1_Channel5_IRQn=true\:1\:0\:true\:false\:true\:false\:true
ProjectManager.KeepUserCode=true
Mcu.UserName=STM32F103C8Tx
SPI2.VirtualType=VM_MASTER
ADC1.ContinuousConvMode=ENABLE
VP_TIM3_VS_OPM.Mode=OPM_bit
SH.ADCx_IN2.0=ADC1_IN2,IN2
RCC.PLLCLKFreq_Value=64000000
VP_IWDG_VS_IWDG.Mode=IWDG_Activate
PC13-TAMPER-RTC.GPIOParameters=GPIO_Label
PA12.GPIOParameters=GPIO_Label
ProjectManager.functionlistsort=1-MX_GPIO_Init-GPIO-false-HAL-true,2-MX_DMA_Init-DMA-false-HAL-true,3-SystemClock_Config-RCC-false-HAL-false,4-MX_TIM4_Init-TIM4-false-HAL-true,5-MX_TIM3_Init-TIM3-false-HAL-true,6-MX_ADC1_Init-ADC1-false-HAL-true,7-MX_SPI2_Init-SPI2-false-HAL-true,8-MX_CRC_Init-CRC-false-HAL-true,9-MX_IWDG_Init-IWDG-false-HAL-true
PA9.GPIOParameters=GPIO_Label
PA11.GPIOParameters=GPIO_Label
PA3.GPIOParameters=GPIO_Label
RCC.ADCFreqValue=10666666.666666666
Dma.SPI2_TX.0.RequestParameters=Instance,Direction,PeriphInc,MemInc,PeriphDataAlignment,MemDataAlignment,Mode,Priority
PB13.GPIO_Label=OLED SCL
PB11.Signal=GPIO_Output
PB13.Signal=SPI2_SCK
PB15.Signal=SPI2_MOSI
PA2.GPIOParameters=GPIO_Label
Dma.SPI2_TX.0.Instance=DMA1_Channel5
PinOutPanel.RotationAngle=0
RCC.SYSCLKSource=RCC_SYSCLKSOURCE_PLLCLK
ProjectManager.StackSize=0x10
Dma.SPI2_TX.0.MemDataAlignment=DMA_MDATAALIGN_BYTE
Mcu.IP4=NVIC
Mcu.IP5=RCC
RCC.FCLKCortexFreq_Value=64000000
Mcu.IP2=DMA
NVIC.SVCall_IRQn=true\:0\:0\:false\:false\:true\:false\:false
Mcu.IP3=IWDG
Mcu.IP0=ADC1
PA12.Locked=true
Mcu.IP1=CRC
PA12.Signal=GPIO_Output
Mcu.UserConstants=
Dma.ADC1.1.Instance=DMA1_Channel1
Mcu.ThirdPartyNb=0
RCC.HCLKFreq_Value=64000000
SH.ADCx_IN3.0=ADC1_IN3,IN3
Mcu.IPNb=10
ProjectManager.PreviousToolchain=
RCC.APB2TimFreq_Value=64000000
TIM3.Period=1999
Dma.MEMTOMEM.2.PeriphDataAlignment=DMA_PDATAALIGN_WORD
ADC1.Channel-2\#ChannelRegularConversion=ADC_CHANNEL_3
Dma.ADC1.1.PeriphDataAlignment=DMA_PDATAALIGN_HALFWORD
SH.ADCx_IN3.ConfNb=1
PA8.GPIOParameters=GPIO_Label
Mcu.Pin6=PB12
Mcu.Pin7=PB13
Mcu.Pin8=PB15
Mcu.Pin9=PA8
Dma.SPI2_TX.0.Mode=DMA_NORMAL
RCC.AHBFreq_Value=64000000
PB13.Locked=true
Mcu.Pin0=PC13-TAMPER-RTC
Mcu.Pin1=PA1
GPIO.groupedBy=Group By Peripherals
Mcu.Pin2=PA2
Mcu.Pin3=PA3
Mcu.Pin4=PA5
Mcu.Pin5=PB11
ADC1.Channel-0\#ChannelRegularConversion=ADC_CHANNEL_1
ProjectManager.ProjectBuild=false
RCC.HSE_VALUE=16000000
Dma.MEMTOMEM.2.MemInc=DMA_MINC_ENABLE
NVIC.UsageFault_IRQn=true\:0\:0\:false\:false\:true\:false\:false
NVIC.DebugMonitor_IRQn=true\:0\:0\:true\:false\:true\:false\:false
PA8.Locked=true
NVIC.SysTick_IRQn=true\:0\:0\:true\:false\:true\:false\:true
RCC.PLLMUL=RCC_PLL_MUL16
PB12.GPIO_Label=OLED RST
Dma.MEMTOMEM.2.RequestParameters=Instance,Direction,PeriphInc,MemInc,PeriphDataAlignment,MemDataAlignment,Mode,Priority
ProjectManager.FirmwarePackage=STM32Cube FW_F1 V1.8.3
MxDb.Version=DB.6.0.21
ADC1.Rank-2\#ChannelRegularConversion=3
PA1.GPIOParameters=GPIO_Label
ProjectManager.BackupPrevious=false
Dma.ADC1.1.RequestParameters=Instance,Direction,PeriphInc,MemInc,PeriphDataAlignment,MemDataAlignment,Mode,Priority
Dma.MEMTOMEM.2.Mode=DMA_NORMAL
PA14.Mode=Serial_Wire
SH.ADCx_IN1.ConfNb=1
TIM3.Prescaler=639
File.Version=6
PA10.GPIO_Label=WAKE
Dma.ADC1.1.Priority=DMA_PRIORITY_LOW
SPI2.CalculateBaudRate=16.0 MBits/s
SH.S_TIM4_CH2.0=TIM4_CH2,PWM Generation2 CH2
PB7.Signal=S_TIM4_CH2
Dma.ADC1.1.Mode=DMA_NORMAL
PA8.Signal=GPIO_Input
Dma.MEMTOMEM.2.Direction=DMA_MEMORY_TO_MEMORY
NVIC.PendSV_IRQn=true\:0\:0\:false\:false\:true\:false\:false
TIM4.Period=19999
Dma.RequestsNb=3
ProjectManager.HalAssertFull=false
ADC1.SamplingTime-0\#ChannelRegularConversion=ADC_SAMPLETIME_13CYCLES_5
ProjectManager.ProjectName=STM32SolderingStation
RCC.PLLMCOFreq_Value=32000000
PB7.GPIO_Label=PWM
Mcu.Package=LQFP48
PA5.Locked=true
SPI2.Mode=SPI_MODE_MASTER
Dma.ADC1.1.Direction=DMA_PERIPH_TO_MEMORY
ProjectManager.ToolChainLocation=
PA2.GPIO_Label=NTC
VP_SYS_VS_Systick.Signal=SYS_VS_Systick
Dma.ADC1.1.MemInc=DMA_MINC_ENABLE
IWDG.Reload=1249
PA10.Signal=GPIO_Input
VP_TIM3_VS_OPM.Signal=TIM3_VS_OPM
PA5.GPIOParameters=GPIO_Label
Dma.SPI2_TX.0.PeriphInc=DMA_PINC_DISABLE
SH.ADCx_IN1.0=ADC1_IN1,IN1
Dma.Request2=MEMTOMEM
Dma.Request1=ADC1
RCC.APB1TimFreq_Value=64000000
NVIC.BusFault_IRQn=true\:0\:0\:false\:false\:true\:false\:false
SPI2.Direction=SPI_DIRECTION_2LINES
PB13.Mode=TX_Only_Simplex_Unidirect_Master
Dma.Request0=SPI2_TX
ProjectManager.CustomerFirmwarePackage=
VP_TIM3_VS_ClockSourceINT.Mode=Internal
PB15.Locked=true
PA3.Signal=ADCx_IN3
PA2.Locked=true
ProjectManager.ProjectFileName=STM32SolderingStation.ioc
ADC1.Rank-0\#ChannelRegularConversion=1
Mcu.PinsNb=23
ProjectManager.NoMain=false
ADC1.IPParameters=Rank-0\#ChannelRegularConversion,Channel-0\#ChannelRegularConversion,SamplingTime-0\#ChannelRegularConversion,NbrOfConversionFlag,master,Rank-1\#ChannelRegularConversion,Channel-1\#ChannelRegularConversion,SamplingTime-1\#ChannelRegularConversion,Rank-2\#ChannelRegularConversion,Channel-2\#ChannelRegularConversion,SamplingTime-2\#ChannelRegularConversion,NbrOfConversion,ExternalTrigConv,ContinuousConvMode
PA9.GPIO_Label=ROT ENC L
Dma.MEMTOMEM.2.Instance=DMA1_Channel2
PB11.GPIO_Label=OLED DC
PC13-TAMPER-RTC.Signal=GPIO_Output
PA11.GPIO_Label=ROT ENC BUTTON
ProjectManager.DefaultFWLocation=true
PB12.Locked=true
ProjectManager.DeletePrevious=true
RCC.APB1CLKDivider=RCC_HCLK_DIV2
PA12.GPIO_Label=BUZZER
ADC1.SamplingTime-2\#ChannelRegularConversion=ADC_SAMPLETIME_13CYCLES_5
RCC.FamilyName=M
RCC.ADCPresc=RCC_ADCPCLK2_DIV6
Dma.MEMTOMEM.2.Priority=DMA_PRIORITY_LOW
PA13.Signal=SYS_JTMS-SWDIO
PA11.Locked=true
PA8.GPIO_Label=ROT ENC R
VP_TIM4_VS_ClockSourceINT.Signal=TIM4_VS_ClockSourceINT
ProjectManager.TargetToolchain=STM32CubeIDE
TIM4.IPParameters=Prescaler,Channel-PWM Generation2 CH2,Period
VP_CRC_VS_CRC.Signal=CRC_VS_CRC
PB7.GPIOParameters=GPIO_Label
PA9.Signal=GPIO_Input
ADC1.Channel-1\#ChannelRegularConversion=ADC_CHANNEL_2
PB11.GPIOParameters=GPIO_Label
SPI2.IPParameters=VirtualType,Mode,Direction,CalculateBaudRate
ProjectManager.RegisterCallBack=
PC13-TAMPER-RTC.Locked=true
RCC.USBFreq_Value=64000000
VP_TIM3_VS_ClockSourceINT.Signal=TIM3_VS_ClockSourceINT
TIM4.Prescaler=639
PA1.Signal=ADCx_IN1
PA5.Signal=ADCx_IN5
board=custom
ProjectManager.LastFirmware=true
PC13-TAMPER-RTC.GPIO_Label=OLED CS
PB15.Mode=TX_Only_Simplex_Unidirect_Master
NVIC.TIM3_IRQn=true\:2\:0\:true\:false\:true\:true\:true
RCC.VCOOutput2Freq_Value=4000000
TIM4.Channel-PWM\ Generation2\ CH2=TIM_CHANNEL_2
RCC.APB2Freq_Value=64000000
MxCube.Version=6.2.1
PB15.GPIO_Label=OLED SDA
Dma.SPI2_TX.0.PeriphDataAlignment=DMA_PDATAALIGN_BYTE
SH.ADCx_IN2.ConfNb=1
VP_SYS_VS_Systick.Mode=SysTick
PA10.GPIOParameters=GPIO_Label
PA1.GPIO_Label=VREF
TIM3.IPParameters=Prescaler,Period,TIM_MasterOutputTrigger
PA9.Locked=true
NVIC.NonMaskableInt_IRQn=true\:0\:0\:false\:false\:true\:false\:false
Dma.ADC1.1.PeriphInc=DMA_PINC_DISABLE
PB15.GPIOParameters=GPIO_Label
ADC1.NbrOfConversion=3
PA13.Mode=Serial_Wire
ProjectManager.FreePins=false
RCC.IPParameters=ADCFreqValue,ADCPresc,AHBFreq_Value,APB1CLKDivider,APB1Freq_Value,APB1TimFreq_Value,APB2Freq_Value,APB2TimFreq_Value,FCLKCortexFreq_Value,FamilyName,HCLKFreq_Value,HSEDivPLL,HSE_VALUE,MCOFreq_Value,PLLCLKFreq_Value,PLLMCOFreq_Value,PLLMUL,SYSCLKFreq_VALUE,SYSCLKSource,TimSysFreq_Value,USBFreq_Value,VCOOutput2Freq_Value
IWDG.IPParameters=Prescaler,Reload
ProjectManager.AskForMigrate=true
Mcu.Name=STM32F103C(8-B)Tx
PA2.Signal=ADCx_IN2
ProjectManager.UnderRoot=true
Mcu.IP8=TIM3
ADC1.ExternalTrigConv=ADC_SOFTWARE_START
Mcu.IP9=TIM4
Mcu.IP6=SPI2
Mcu.IP7=SYS
ProjectManager.CoupleFile=false
ADC1.SamplingTime-1\#ChannelRegularConversion=ADC_SAMPLETIME_13CYCLES_5
Dma.SPI2_TX.0.Priority=DMA_PRIORITY_LOW
RCC.SYSCLKFreq_VALUE=64000000
Mcu.Pin22=VP_TIM4_VS_ClockSourceINT
RCC.TimSysFreq_Value=64000000
PA1.Locked=true
Mcu.Pin20=VP_TIM3_VS_ClockSourceINT
ADC1.master=1
PA3.Locked=true
Mcu.Pin21=VP_TIM3_VS_OPM
PA5.GPIO_Label=IRON TEMP
PA10.Locked=true
NVIC.ForceEnableDMAVector=true
KeepUserPlacement=false
RCC.HSEDivPLL=RCC_HSE_PREDIV_DIV2
NVIC.MemoryManagement_IRQn=true\:0\:0\:false\:false\:true\:false\:false
ProjectManager.CompilerOptimize=6
ADC1.Rank-1\#ChannelRegularConversion=2
PA11.Signal=GPIO_Input
VP_IWDG_VS_IWDG.Signal=IWDG_VS_IWDG
PA14.Signal=SYS_JTCK-SWCLK
ProjectManager.HeapSize=0x10
Mcu.Pin15=PA14
NVIC.HardFault_IRQn=true\:0\:0\:false\:false\:true\:false\:false
Mcu.Pin16=PB7
Mcu.Pin13=PA12
Mcu.Pin14=PA13
Mcu.Pin19=VP_SYS_VS_Systick
ProjectManager.ComputerToolchain=false
Mcu.Pin17=VP_CRC_VS_CRC
Mcu.Pin18=VP_IWDG_VS_IWDG
SH.ADCx_IN5.0=ADC1_IN5,IN5
VP_TIM4_VS_ClockSourceINT.Mode=Internal
NVIC.PriorityGroup=NVIC_PRIORITYGROUP_4
ADC1.NbrOfConversionFlag=1
Mcu.Pin11=PA10
Mcu.Pin12=PA11
Mcu.Pin10=PA9
IWDG.Prescaler=IWDG_PRESCALER_32
PB7.Locked=true
SH.ADCx_IN5.ConfNb=1
NVIC.DMA1_Channel1_IRQn=true\:1\:0\:true\:false\:true\:false\:true
TIM3.TIM_MasterOutputTrigger=TIM_TRGO_UPDATE
Dma.SPI2_TX.0.Direction=DMA_MEMORY_TO_PERIPH
NVIC.TIM4_IRQn=true\:2\:0\:true\:false\:true\:true\:true
RCC.APB1Freq_Value=32000000
VP_CRC_VS_CRC.Mode=CRC_Activate
PB11.Locked=true
ProjectManager.DeviceId=STM32F103C8Tx
PB12.GPIOParameters=GPIO_Label
PB12.Signal=GPIO_Output
ProjectManager.LibraryCopy=1
PA3.GPIO_Label=VINPUT
isbadioc=false
